// !$*UTF8*$!
{
	archiveVersion = 1;
	classes = {
	};
	objectVersion = 46;
	objects = {

/* Begin PBXBuildFile section */
		0F5E14491B1664A70060D135 /* AppDelegate.swift in Sources */ = {isa = PBXBuildFile; fileRef = 0F5E14481B1664A70060D135 /* AppDelegate.swift */; };
		0F5E144B1B1664A70060D135 /* ViewController.swift in Sources */ = {isa = PBXBuildFile; fileRef = 0F5E144A1B1664A70060D135 /* ViewController.swift */; };
		0F5E144E1B1664A70060D135 /* Main.storyboard in Resources */ = {isa = PBXBuildFile; fileRef = 0F5E144C1B1664A70060D135 /* Main.storyboard */; };
		0F5E14501B1664A70060D135 /* Images.xcassets in Resources */ = {isa = PBXBuildFile; fileRef = 0F5E144F1B1664A70060D135 /* Images.xcassets */; };
		0F5E14531B1664A70060D135 /* LaunchScreen.xib in Resources */ = {isa = PBXBuildFile; fileRef = 0F5E14511B1664A70060D135 /* LaunchScreen.xib */; };
		0F5E145F1B1664A70060D135 /* Spa_Inner_PeaceTests.swift in Sources */ = {isa = PBXBuildFile; fileRef = 0F5E145E1B1664A70060D135 /* Spa_Inner_PeaceTests.swift */; };
		0F79BD8D1B1677DE00CE9D66 /* logo.png in Resources */ = {isa = PBXBuildFile; fileRef = 0F79BD8C1B1677DE00CE9D66 /* logo.png */; };
		0F8EF7221B1699CC00F412E2 /* webViewController.m in Sources */ = {isa = PBXBuildFile; fileRef = 0F8EF7211B1699CC00F412E2 /* webViewController.m */; };
		0FF3D7601B1804C100DDC702 /* spaInnerPeace in Resources */ = {isa = PBXBuildFile; fileRef = 0FF3D75F1B1804C100DDC702 /* spaInnerPeace */; };
/* End PBXBuildFile section */

/* Begin PBXContainerItemProxy section */
		0F5E14591B1664A70060D135 /* PBXContainerItemProxy */ = {
			isa = PBXContainerItemProxy;
			containerPortal = 0F5E143B1B1664A70060D135 /* Project object */;
			proxyType = 1;
			remoteGlobalIDString = 0F5E14421B1664A70060D135;
			remoteInfo = "Spa Inner Peace";
		};
/* End PBXContainerItemProxy section */

/* Begin PBXFileReference section */
		0F5E14431B1664A70060D135 /* Spa Inner Peace.app */ = {isa = PBXFileReference; explicitFileType = wrapper.application; includeInIndex = 0; path = "Spa Inner Peace.app"; sourceTree = BUILT_PRODUCTS_DIR; };
		0F5E14471B1664A70060D135 /* Info.plist */ = {isa = PBXFileReference; lastKnownFileType = text.plist.xml; path = Info.plist; sourceTree = "<group>"; };
		0F5E14481B1664A70060D135 /* AppDelegate.swift */ = {isa = PBXFileReference; lastKnownFileType = sourcecode.swift; path = AppDelegate.swift; sourceTree = "<group>"; };
		0F5E144A1B1664A70060D135 /* ViewController.swift */ = {isa = PBXFileReference; lastKnownFileType = sourcecode.swift; path = ViewController.swift; sourceTree = "<group>"; };
		0F5E144D1B1664A70060D135 /* Base */ = {isa = PBXFileReference; lastKnownFileType = file.storyboard; name = Base; path = Base.lproj/Main.storyboard; sourceTree = "<group>"; };
		0F5E144F1B1664A70060D135 /* Images.xcassets */ = {isa = PBXFileReference; lastKnownFileType = folder.assetcatalog; path = Images.xcassets; sourceTree = "<group>"; };
		0F5E14521B1664A70060D135 /* Base */ = {isa = PBXFileReference; lastKnownFileType = file.xib; name = Base; path = Base.lproj/LaunchScreen.xib; sourceTree = "<group>"; };
		0F5E14581B1664A70060D135 /* Spa Inner PeaceTests.xctest */ = {isa = PBXFileReference; explicitFileType = wrapper.cfbundle; includeInIndex = 0; path = "Spa Inner PeaceTests.xctest"; sourceTree = BUILT_PRODUCTS_DIR; };
		0F5E145D1B1664A70060D135 /* Info.plist */ = {isa = PBXFileReference; lastKnownFileType = text.plist.xml; path = Info.plist; sourceTree = "<group>"; };
		0F5E145E1B1664A70060D135 /* Spa_Inner_PeaceTests.swift */ = {isa = PBXFileReference; lastKnownFileType = sourcecode.swift; path = Spa_Inner_PeaceTests.swift; sourceTree = "<group>"; };
		0F79BD8C1B1677DE00CE9D66 /* logo.png */ = {isa = PBXFileReference; lastKnownFileType = image.png; path = logo.png; sourceTree = "<group>"; };
		0F8EF7201B1699CC00F412E2 /* webViewController.h */ = {isa = PBXFileReference; fileEncoding = 4; lastKnownFileType = sourcecode.c.h; path = webViewController.h; sourceTree = "<group>"; };
		0F8EF7211B1699CC00F412E2 /* webViewController.m */ = {isa = PBXFileReference; fileEncoding = 4; lastKnownFileType = sourcecode.c.objc; path = webViewController.m; sourceTree = "<group>"; };
		0F8EF7231B16A1A000F412E2 /* Spa Inner Peace-Bridging-Header.h */ = {isa = PBXFileReference; fileEncoding = 4; lastKnownFileType = sourcecode.c.h; path = "Spa Inner Peace-Bridging-Header.h"; sourceTree = "<group>"; };
		0FF3D75F1B1804C100DDC702 /* spaInnerPeace */ = {isa = PBXFileReference; lastKnownFileType = folder; path = spaInnerPeace; sourceTree = "<group>"; };
/* End PBXFileReference section */

/* Begin PBXFrameworksBuildPhase section */
		0F5E14401B1664A70060D135 /* Frameworks */ = {
			isa = PBXFrameworksBuildPhase;
			buildActionMask = 2147483647;
			files = (
			);
			runOnlyForDeploymentPostprocessing = 0;
		};
		0F5E14551B1664A70060D135 /* Frameworks */ = {
			isa = PBXFrameworksBuildPhase;
			buildActionMask = 2147483647;
			files = (
			);
			runOnlyForDeploymentPostprocessing = 0;
		};
/* End PBXFrameworksBuildPhase section */

/* Begin PBXGroup section */
		0F5E143A1B1664A70060D135 = {
			isa = PBXGroup;
			children = (
				0F79BD8C1B1677DE00CE9D66 /* logo.png */,
				0F5E14451B1664A70060D135 /* Spa Inner Peace */,
				0F5E145B1B1664A70060D135 /* Spa Inner PeaceTests */,
				0F5E14441B1664A70060D135 /* Products */,
			);
			sourceTree = "<group>";
		};
		0F5E14441B1664A70060D135 /* Products */ = {
			isa = PBXGroup;
			children = (
				0F5E14431B1664A70060D135 /* Spa Inner Peace.app */,
				0F5E14581B1664A70060D135 /* Spa Inner PeaceTests.xctest */,
			);
			name = Products;
			sourceTree = "<group>";
		};
		0F5E14451B1664A70060D135 /* Spa Inner Peace */ = {
			isa = PBXGroup;
			children = (
				0F8EF7231B16A1A000F412E2 /* Spa Inner Peace-Bridging-Header.h */,
				0F5E14481B1664A70060D135 /* AppDelegate.swift */,
				0F5E144A1B1664A70060D135 /* ViewController.swift */,
				0F5E144C1B1664A70060D135 /* Main.storyboard */,
				0F5E144F1B1664A70060D135 /* Images.xcassets */,
				0F5E14511B1664A70060D135 /* LaunchScreen.xib */,
				0F5E14461B1664A70060D135 /* Supporting Files */,
				0F8EF7201B1699CC00F412E2 /* webViewController.h */,
				0F8EF7211B1699CC00F412E2 /* webViewController.m */,
			);
			path = "Spa Inner Peace";
			sourceTree = "<group>";
		};
		0F5E14461B1664A70060D135 /* Supporting Files */ = {
			isa = PBXGroup;
			children = (
				0FF3D75F1B1804C100DDC702 /* spaInnerPeace */,
				0F5E14471B1664A70060D135 /* Info.plist */,
			);
			name = "Supporting Files";
			sourceTree = "<group>";
		};
		0F5E145B1B1664A70060D135 /* Spa Inner PeaceTests */ = {
			isa = PBXGroup;
			children = (
				0F5E145E1B1664A70060D135 /* Spa_Inner_PeaceTests.swift */,
				0F5E145C1B1664A70060D135 /* Supporting Files */,
			);
			path = "Spa Inner PeaceTests";
			sourceTree = "<group>";
		};
		0F5E145C1B1664A70060D135 /* Supporting Files */ = {
			isa = PBXGroup;
			children = (
				0F5E145D1B1664A70060D135 /* Info.plist */,
			);
			name = "Supporting Files";
			sourceTree = "<group>";
		};
/* End PBXGroup section */

/* Begin PBXNativeTarget section */
		0F5E14421B1664A70060D135 /* Spa Inner Peace */ = {
			isa = PBXNativeTarget;
			buildConfigurationList = 0F5E14621B1664A70060D135 /* Build configuration list for PBXNativeTarget "Spa Inner Peace" */;
			buildPhases = (
				0F5E143F1B1664A70060D135 /* Sources */,
				0F5E14401B1664A70060D135 /* Frameworks */,
				0F5E14411B1664A70060D135 /* Resources */,
			);
			buildRules = (
			);
			dependencies = (
			);
			name = "Spa Inner Peace";
			productName = "Spa Inner Peace";
			productReference = 0F5E14431B1664A70060D135 /* Spa Inner Peace.app */;
			productType = "com.apple.product-type.application";
		};
		0F5E14571B1664A70060D135 /* Spa Inner PeaceTests */ = {
			isa = PBXNativeTarget;
			buildConfigurationList = 0F5E14651B1664A70060D135 /* Build configuration list for PBXNativeTarget "Spa Inner PeaceTests" */;
			buildPhases = (
				0F5E14541B1664A70060D135 /* Sources */,
				0F5E14551B1664A70060D135 /* Frameworks */,
				0F5E14561B1664A70060D135 /* Resources */,
			);
			buildRules = (
			);
			dependencies = (
				0F5E145A1B1664A70060D135 /* PBXTargetDependency */,
			);
			name = "Spa Inner PeaceTests";
			productName = "Spa Inner PeaceTests";
			productReference = 0F5E14581B1664A70060D135 /* Spa Inner PeaceTests.xctest */;
			productType = "com.apple.product-type.bundle.unit-test";
		};
/* End PBXNativeTarget section */

/* Begin PBXProject section */
		0F5E143B1B1664A70060D135 /* Project object */ = {
			isa = PBXProject;
			attributes = {
				LastUpgradeCheck = 0630;
				ORGANIZATIONNAME = "Avanza Media";
				TargetAttributes = {
					0F5E14421B1664A70060D135 = {
						CreatedOnToolsVersion = 6.3.1;
					};
					0F5E14571B1664A70060D135 = {
						CreatedOnToolsVersion = 6.3.1;
						TestTargetID = 0F5E14421B1664A70060D135;
					};
				};
			};
			buildConfigurationList = 0F5E143E1B1664A70060D135 /* Build configuration list for PBXProject "Spa Inner Peace" */;
			compatibilityVersion = "Xcode 3.2";
			developmentRegion = English;
			hasScannedForEncodings = 0;
			knownRegions = (
				en,
				Base,
			);
			mainGroup = 0F5E143A1B1664A70060D135;
			productRefGroup = 0F5E14441B1664A70060D135 /* Products */;
			projectDirPath = "";
			projectRoot = "";
			targets = (
				0F5E14421B1664A70060D135 /* Spa Inner Peace */,
				0F5E14571B1664A70060D135 /* Spa Inner PeaceTests */,
			);
		};
/* End PBXProject section */

/* Begin PBXResourcesBuildPhase section */
		0F5E14411B1664A70060D135 /* Resources */ = {
			isa = PBXResourcesBuildPhase;
			buildActionMask = 2147483647;
			files = (
				0F79BD8D1B1677DE00CE9D66 /* logo.png in Resources */,
				0F5E144E1B1664A70060D135 /* Main.storyboard in Resources */,
				0FF3D7601B1804C100DDC702 /* spaInnerPeace in Resources */,
				0F5E14531B1664A70060D135 /* LaunchScreen.xib in Resources */,
				0F5E14501B1664A70060D135 /* Images.xcassets in Resources */,
			);
			runOnlyForDeploymentPostprocessing = 0;
		};
		0F5E14561B1664A70060D135 /* Resources */ = {
			isa = PBXResourcesBuildPhase;
			buildActionMask = 2147483647;
			files = (
			);
			runOnlyForDeploymentPostprocessing = 0;
		};
/* End PBXResourcesBuildPhase section */

/* Begin PBXSourcesBuildPhase section */
		0F5E143F1B1664A70060D135 /* Sources */ = {
			isa = PBXSourcesBuildPhase;
			buildActionMask = 2147483647;
			files = (
				0F8EF7221B1699CC00F412E2 /* webViewController.m in Sources */,
				0F5E144B1B1664A70060D135 /* ViewController.swift in Sources */,
				0F5E14491B1664A70060D135 /* AppDelegate.swift in Sources */,
			);
			runOnlyForDeploymentPostprocessing = 0;
		};
		0F5E14541B1664A70060D135 /* Sources */ = {
			isa = PBXSourcesBuildPhase;
			buildActionMask = 2147483647;
			files = (
				0F5E145F1B1664A70060D135 /* Spa_Inner_PeaceTests.swift in Sources */,
			);
			runOnlyForDeploymentPostprocessing = 0;
		};
/* End PBXSourcesBuildPhase section */

/* Begin PBXTargetDependency section */
		0F5E145A1B1664A70060D135 /* PBXTargetDependency */ = {
			isa = PBXTargetDependency;
			target = 0F5E14421B1664A70060D135 /* Spa Inner Peace */;
			targetProxy = 0F5E14591B1664A70060D135 /* PBXContainerItemProxy */;
		};
/* End PBXTargetDependency section */

/* Begin PBXVariantGroup section */
		0F5E144C1B1664A70060D135 /* Main.storyboard */ = {
			isa = PBXVariantGroup;
			children = (
				0F5E144D1B1664A70060D135 /* Base */,
			);
			name = Main.storyboard;
			sourceTree = "<group>";
		};
		0F5E14511B1664A70060D135 /* LaunchScreen.xib */ = {
			isa = PBXVariantGroup;
			children = (
				0F5E14521B1664A70060D135 /* Base */,
			);
			name = LaunchScreen.xib;
			sourceTree = "<group>";
		};
/* End PBXVariantGroup section */

/* Begin XCBuildConfiguration section */
		0F5E14601B1664A70060D135 /* Debug */ = {
			isa = XCBuildConfiguration;
			buildSettings = {
				ALWAYS_SEARCH_USER_PATHS = NO;
				CLANG_CXX_LANGUAGE_STANDARD = "gnu++0x";
				CLANG_CXX_LIBRARY = "libc++";
				CLANG_ENABLE_MODULES = YES;
				CLANG_ENABLE_OBJC_ARC = YES;
				CLANG_WARN_BOOL_CONVERSION = YES;
				CLANG_WARN_CONSTANT_CONVERSION = YES;
				CLANG_WARN_DIRECT_OBJC_ISA_USAGE = YES_ERROR;
				CLANG_WARN_EMPTY_BODY = YES;
				CLANG_WARN_ENUM_CONVERSION = YES;
				CLANG_WARN_INT_CONVERSION = YES;
				CLANG_WARN_OBJC_ROOT_CLASS = YES_ERROR;
				CLANG_WARN_UNREACHABLE_CODE = YES;
				CLANG_WARN__DUPLICATE_METHOD_MATCH = YES;
				"CODE_SIGN_IDENTITY[sdk=iphoneos*]" = "iPhone Developer";
				COPY_PHASE_STRIP = NO;
				DEBUG_INFORMATION_FORMAT = "dwarf-with-dsym";
				ENABLE_STRICT_OBJC_MSGSEND = YES;
				GCC_C_LANGUAGE_STANDARD = gnu99;
				GCC_DYNAMIC_NO_PIC = NO;
				GCC_NO_COMMON_BLOCKS = YES;
				GCC_OPTIMIZATION_LEVEL = 0;
				GCC_PREPROCESSOR_DEFINITIONS = (
					"DEBUG=1",
					"$(inherited)",
				);
				GCC_SYMBOLS_PRIVATE_EXTERN = NO;
				GCC_WARN_64_TO_32_BIT_CONVERSION = YES;
				GCC_WARN_ABOUT_RETURN_TYPE = YES_ERROR;
				GCC_WARN_UNDECLARED_SELECTOR = YES;
				GCC_WARN_UNINITIALIZED_AUTOS = YES_AGGRESSIVE;
				GCC_WARN_UNUSED_FUNCTION = YES;
				GCC_WARN_UNUSED_VARIABLE = YES;
				IPHONEOS_DEPLOYMENT_TARGET = 8.3;
				MTL_ENABLE_DEBUG_INFO = YES;
				ONLY_ACTIVE_ARCH = YES;
				SDKROOT = iphoneos;
				SWIFT_OPTIMIZATION_LEVEL = "-Onone";
				TARGETED_DEVICE_FAMILY = "1,2";
			};
			name = Debug;
		};
		0F5E14611B1664A70060D135 /* Release */ = {
			isa = XCBuildConfiguration;
			buildSettings = {
				ALWAYS_SEARCH_USER_PATHS = NO;
				CLANG_CXX_LANGUAGE_STANDARD = "gnu++0x";
				CLANG_CXX_LIBRARY = "libc++";
				CLANG_ENABLE_MODULES = YES;
				CLANG_ENABLE_OBJC_ARC = YES;
				CLANG_WARN_BOOL_CONVERSION = YES;
				CLANG_WARN_CONSTANT_CONVERSION = YES;
				CLANG_WARN_DIRECT_OBJC_ISA_USAGE = YES_ERROR;
				CLANG_WARN_EMPTY_BODY = YES;
				CLANG_WARN_ENUM_CONVERSION = YES;
				CLANG_WARN_INT_CONVERSION = YES;
				CLANG_WARN_OBJC_ROOT_CLASS = YES_ERROR;
				CLANG_WARN_UNREACHABLE_CODE = YES;
				CLANG_WARN__DUPLICATE_METHOD_MATCH = YES;
				"CODE_SIGN_IDENTITY[sdk=iphoneos*]" = "iPhone Developer";
				COPY_PHASE_STRIP = NO;
				DEBUG_INFORMATION_FORMAT = "dwarf-with-dsym";
				ENABLE_NS_ASSERTIONS = NO;
				ENABLE_STRICT_OBJC_MSGSEND = YES;
				GCC_C_LANGUAGE_STANDARD = gnu99;
				GCC_NO_COMMON_BLOCKS = YES;
				GCC_WARN_64_TO_32_BIT_CONVERSION = YES;
				GCC_WARN_ABOUT_RETURN_TYPE = YES_ERROR;
				GCC_WARN_UNDECLARED_SELECTOR = YES;
				GCC_WARN_UNINITIALIZED_AUTOS = YES_AGGRESSIVE;
				GCC_WARN_UNUSED_FUNCTION = YES;
				GCC_WARN_UNUSED_VARIABLE = YES;
				IPHONEOS_DEPLOYMENT_TARGET = 8.3;
				MTL_ENABLE_DEBUG_INFO = NO;
				SDKROOT = iphoneos;
				TARGETED_DEVICE_FAMILY = "1,2";
				VALIDATE_PRODUCT = YES;
			};
			name = Release;
		};
		0F5E14631B1664A70060D135 /* Debug */ = {
			isa = XCBuildConfiguration;
			buildSettings = {
				ASSETCATALOG_COMPILER_APPICON_NAME = AppIcon;
				ASSETCATALOG_COMPILER_LAUNCHIMAGE_NAME = LaunchImage;
				CLANG_ENABLE_MODULES = YES;
				INFOPLIST_FILE = "Spa Inner Peace/Info.plist";
				LD_RUNPATH_SEARCH_PATHS = "$(inherited) @executable_path/Frameworks";
				PRODUCT_NAME = "$(TARGET_NAME)";
				SWIFT_OBJC_BRIDGING_HEADER = "Spa Inner Peace/Spa Inner Peace-Bridging-Header.h";
				SWIFT_OPTIMIZATION_LEVEL = "-Onone";
				TARGETED_DEVICE_FAMILY = "1,2";
			};
			name = Debug;
		};
		0F5E14641B1664A70060D135 /* Release */ = {
			isa = XCBuildConfiguration;
			buildSettings = {
				ASSETCATALOG_COMPILER_APPICON_NAME = AppIcon;
				ASSETCATALOG_COMPILER_LAUNCHIMAGE_NAME = LaunchImage;
				CLANG_ENABLE_MODULES = YES;
				INFOPLIST_FILE = "Spa Inner Peace/Info.plist";
				LD_RUNPATH_SEARCH_PATHS = "$(inherited) @executable_path/Frameworks";
				PRODUCT_NAME = "$(TARGET_NAME)";
				SWIFT_OBJC_BRIDGING_HEADER = "Spa Inner Peace/Spa Inner Peace-Bridging-Header.h";
				TARGETED_DEVICE_FAMILY = "1,2";
			};
			name = Release;
		};
		0F5E14661B1664A70060D135 /* Debug */ = {
			isa = XCBuildConfiguration;
			buildSettings = {
				BUNDLE_LOADER = "$(TEST_HOST)";
				FRAMEWORK_SEARCH_PATHS = (
					"$(SDKROOT)/Developer/Library/Frameworks",
					"$(inherited)",
				);
				GCC_PREPROCESSOR_DEFINITIONS = (
					"DEBUG=1",
					"$(inherited)",
				);
				INFOPLIST_FILE = "Spa Inner PeaceTests/Info.plist";
				LD_RUNPATH_SEARCH_PATHS = "$(inherited) @executable_path/Frameworks @loader_path/Frameworks";
				PRODUCT_NAME = "$(TARGET_NAME)";
				TEST_HOST = "$(BUILT_PRODUCTS_DIR)/Spa Inner Peace.app/Spa Inner Peace";
			};
			name = Debug;
		};
		0F5E14671B1664A70060D135 /* Release */ = {
			isa = XCBuildConfiguration;
			buildSettings = {
				BUNDLE_LOADER = "$(TEST_HOST)";
				FRAMEWORK_SEARCH_PATHS = (
					"$(SDKROOT)/Developer/Library/Frameworks",
					"$(inherited)",
				);
				INFOPLIST_FILE = "Spa Inner PeaceTests/Info.plist";
				LD_RUNPATH_SEARCH_PATHS = "$(inherited) @executable_path/Frameworks @loader_path/Frameworks";
				PRODUCT_NAME = "$(TARGET_NAME)";
				TEST_HOST = "$(BUILT_PRODUCTS_DIR)/Spa Inner Peace.app/Spa Inner Peace";
			};
			name = Release;
		};
/* End XCBuildConfiguration section */

/* Begin XCConfigurationList section */
		0F5E143E1B1664A70060D135 /* Build configuration list for PBXProject "Spa Inner Peace" */ = {
			isa = XCConfigurationList;
			buildConfigurations = (
				0F5E14601B1664A70060D135 /* Debug */,
				0F5E14611B1664A70060D135 /* Release */,
			);
			defaultConfigurationIsVisible = 0;
			defaultConfigurationName = Release;
		};
		0F5E14621B1664A70060D135 /* Build configuration list for PBXNativeTarget "Spa Inner Peace" */ = {
			isa = XCConfigurationList;
			buildConfigurations = (
				0F5E14631B1664A70060D135 /* Debug */,
				0F5E14641B1664A70060D135 /* Release */,
			);
			defaultConfigurationIsVisible = 0;
			defaultConfigurationName = Release;
		};
		0F5E14651B1664A70060D135 /* Build configuration list for PBXNativeTarget "Spa Inner PeaceTests" */ = {
			isa = XCConfigurationList;
			buildConfigurations = (
				0F5E14661B1664A70060D135 /* Debug */,
				0F5E14671B1664A70060D135 /* Release */,
			);
			defaultConfigurationIsVisible = 0;
			defaultConfigurationName = Release;
		};
/* End XCConfigurationList section */
	};
	rootObject = 0F5E143B1B1664A70060D135 /* Project object */;
}
